// !$*UTF8*$!
{
	archiveVersion = 1;
	classes = {
	};
	objectVersion = 51;
	objects = {

/* Begin PBXBuildFile section */
		05DD90E37524814B6A7C56BB /* Pods_PocketAcesTask.framework in Frameworks */ = {isa = PBXBuildFile; fileRef = 176E0ECEF9092F8114985044 /* Pods_PocketAcesTask.framework */; };
		1701867F2439F5F700B7EA45 /* country_codes.json in Resources */ = {isa = PBXBuildFile; fileRef = 1701867E2439F5F700B7EA45 /* country_codes.json */; };
		170186812439F65700B7EA45 /* Country.swift in Sources */ = {isa = PBXBuildFile; fileRef = 170186802439F65700B7EA45 /* Country.swift */; };
		17018684243A0AAC00B7EA45 /* HeadlineCell.xib in Resources */ = {isa = PBXBuildFile; fileRef = 17018683243A0AAB00B7EA45 /* HeadlineCell.xib */; };
		17018686243A0ABA00B7EA45 /* HeadlineCell.swift in Sources */ = {isa = PBXBuildFile; fileRef = 17018685243A0ABA00B7EA45 /* HeadlineCell.swift */; };
		17018688243A0D5F00B7EA45 /* Sources.swift in Sources */ = {isa = PBXBuildFile; fileRef = 17018687243A0D5F00B7EA45 /* Sources.swift */; };
		1701868B243A104B00B7EA45 /* SourceCell.swift in Sources */ = {isa = PBXBuildFile; fileRef = 1701868A243A104B00B7EA45 /* SourceCell.swift */; };
		1701868C243A105900B7EA45 /* SourceCell.xib in Resources */ = {isa = PBXBuildFile; fileRef = 17018689243A104B00B7EA45 /* SourceCell.xib */; };
		1704A746243A180F00A8CB7C /* SourcesVC.swift in Sources */ = {isa = PBXBuildFile; fileRef = 1704A745243A180F00A8CB7C /* SourcesVC.swift */; };
		171295FE2437309D00092429 /* UIColor.swift in Sources */ = {isa = PBXBuildFile; fileRef = 171295F82437309D00092429 /* UIColor.swift */; };
		171295FF2437309D00092429 /* UITableView.swift in Sources */ = {isa = PBXBuildFile; fileRef = 171295F92437309D00092429 /* UITableView.swift */; };
		171296002437309D00092429 /* String.swift in Sources */ = {isa = PBXBuildFile; fileRef = 171295FA2437309D00092429 /* String.swift */; };
		17129605243730B500092429 /* Apis.swift in Sources */ = {isa = PBXBuildFile; fileRef = 17129602243730B500092429 /* Apis.swift */; };
		17129606243730B500092429 /* RestApi.swift in Sources */ = {isa = PBXBuildFile; fileRef = 17129603243730B500092429 /* RestApi.swift */; };
		17129607243730B500092429 /* NewsApi.swift in Sources */ = {isa = PBXBuildFile; fileRef = 17129604243730B500092429 /* NewsApi.swift */; };
		171296092437312800092429 /* UIButton.swift in Sources */ = {isa = PBXBuildFile; fileRef = 171296082437312800092429 /* UIButton.swift */; };
		1712960B2437321F00092429 /* LocalData.swift in Sources */ = {isa = PBXBuildFile; fileRef = 1712960A2437321F00092429 /* LocalData.swift */; };
		1712960E2437334000092429 /* News.swift in Sources */ = {isa = PBXBuildFile; fileRef = 1712960D2437334000092429 /* News.swift */; };
		174E73872438F44500C4C48B /* SearchNewsVC.swift in Sources */ = {isa = PBXBuildFile; fileRef = 174E73862438F44500C4C48B /* SearchNewsVC.swift */; };
		1757ACC924372CDB002E028D /* AppDelegate.swift in Sources */ = {isa = PBXBuildFile; fileRef = 1757ACC824372CDB002E028D /* AppDelegate.swift */; };
		1757ACCD24372CDB002E028D /* HeadlinesVC.swift in Sources */ = {isa = PBXBuildFile; fileRef = 1757ACCC24372CDB002E028D /* HeadlinesVC.swift */; };
		1757ACD024372CDB002E028D /* Main.storyboard in Resources */ = {isa = PBXBuildFile; fileRef = 1757ACCE24372CDB002E028D /* Main.storyboard */; };
		1757ACD224372CDC002E028D /* Assets.xcassets in Resources */ = {isa = PBXBuildFile; fileRef = 1757ACD124372CDC002E028D /* Assets.xcassets */; };
		1757ACD524372CDC002E028D /* LaunchScreen.storyboard in Resources */ = {isa = PBXBuildFile; fileRef = 1757ACD324372CDC002E028D /* LaunchScreen.storyboard */; };
		1757ACDD24372E58002E028D /* DevEnv.swift in Sources */ = {isa = PBXBuildFile; fileRef = 1757ACDC24372E58002E028D /* DevEnv.swift */; };
		1757ACF024372FC5002E028D /* Observer.swift in Sources */ = {isa = PBXBuildFile; fileRef = 1757ACEB24372FC5002E028D /* Observer.swift */; };
		1757ACF124372FC5002E028D /* ImageLoader.swift in Sources */ = {isa = PBXBuildFile; fileRef = 1757ACEC24372FC5002E028D /* ImageLoader.swift */; };
		1757ACF224372FC5002E028D /* BaseViewController.swift in Sources */ = {isa = PBXBuildFile; fileRef = 1757ACED24372FC5002E028D /* BaseViewController.swift */; };
		1757ACF324372FC5002E028D /* Utils.swift in Sources */ = {isa = PBXBuildFile; fileRef = 1757ACEE24372FC5002E028D /* Utils.swift */; };
		1757ACF424372FC5002E028D /* NetworkRequest.swift in Sources */ = {isa = PBXBuildFile; fileRef = 1757ACEF24372FC5002E028D /* NetworkRequest.swift */; };
		176C9D442438B65600416D21 /* UIViewTapGesture.swift in Sources */ = {isa = PBXBuildFile; fileRef = 176C9D432438B65600416D21 /* UIViewTapGesture.swift */; };
		176C9D462438BA9000416D21 /* FullNewsVC.swift in Sources */ = {isa = PBXBuildFile; fileRef = 176C9D452438BA9000416D21 /* FullNewsVC.swift */; };
		176C9D482438BDA300416D21 /* UIImageView.swift in Sources */ = {isa = PBXBuildFile; fileRef = 176C9D472438BDA300416D21 /* UIImageView.swift */; };
		176C9D4A2438BE6B00416D21 /* UIView.swift in Sources */ = {isa = PBXBuildFile; fileRef = 176C9D492438BE6B00416D21 /* UIView.swift */; };
		1786C00C2437387A00F88061 /* CustomUIimageViews.swift in Sources */ = {isa = PBXBuildFile; fileRef = 1786C0072437387A00F88061 /* CustomUIimageViews.swift */; };
		1786C00D2437387A00F88061 /* BaseTableViewCell.swift in Sources */ = {isa = PBXBuildFile; fileRef = 1786C0082437387A00F88061 /* BaseTableViewCell.swift */; };
		1786C00E2437387A00F88061 /* CustomUIViews.swift in Sources */ = {isa = PBXBuildFile; fileRef = 1786C0092437387A00F88061 /* CustomUIViews.swift */; };
		1786C00F2437387A00F88061 /* UserClusterView.swift in Sources */ = {isa = PBXBuildFile; fileRef = 1786C00A2437387A00F88061 /* UserClusterView.swift */; };
		1786C0102437387A00F88061 /* CustomUIButtons.swift in Sources */ = {isa = PBXBuildFile; fileRef = 1786C00B2437387A00F88061 /* CustomUIButtons.swift */; };
		1786C012243738A600F88061 /* EmptyView.swift in Sources */ = {isa = PBXBuildFile; fileRef = 1786C011243738A600F88061 /* EmptyView.swift */; };
		1786C01424373A9000F88061 /* test1.jpeg in Resources */ = {isa = PBXBuildFile; fileRef = 1786C01324373A9000F88061 /* test1.jpeg */; };
		1786C01624373B5600F88061 /* BaseTableViewController.swift in Sources */ = {isa = PBXBuildFile; fileRef = 1786C01524373B5600F88061 /* BaseTableViewController.swift */; };
		178817502439E70C00DB1C17 /* TabBarVC.swift in Sources */ = {isa = PBXBuildFile; fileRef = 1788174F2439E70C00DB1C17 /* TabBarVC.swift */; };
		178817522439EEC300DB1C17 /* Resources.swift in Sources */ = {isa = PBXBuildFile; fileRef = 178817512439EEC300DB1C17 /* Resources.swift */; };
		178817542439F42A00DB1C17 /* CountryNewsVC.swift in Sources */ = {isa = PBXBuildFile; fileRef = 178817532439F42A00DB1C17 /* CountryNewsVC.swift */; };
		178817562439F4A800DB1C17 /* CountryPickerVC.swift in Sources */ = {isa = PBXBuildFile; fileRef = 178817552439F4A800DB1C17 /* CountryPickerVC.swift */; };
/* End PBXBuildFile section */

/* Begin PBXFileReference section */
		1701867E2439F5F700B7EA45 /* country_codes.json */ = {isa = PBXFileReference; lastKnownFileType = text.json; path = country_codes.json; sourceTree = "<group>"; };
		170186802439F65700B7EA45 /* Country.swift */ = {isa = PBXFileReference; lastKnownFileType = sourcecode.swift; path = Country.swift; sourceTree = "<group>"; };
		17018683243A0AAB00B7EA45 /* HeadlineCell.xib */ = {isa = PBXFileReference; lastKnownFileType = file.xib; path = HeadlineCell.xib; sourceTree = "<group>"; };
		17018685243A0ABA00B7EA45 /* HeadlineCell.swift */ = {isa = PBXFileReference; lastKnownFileType = sourcecode.swift; path = HeadlineCell.swift; sourceTree = "<group>"; };
		17018687243A0D5F00B7EA45 /* Sources.swift */ = {isa = PBXFileReference; lastKnownFileType = sourcecode.swift; path = Sources.swift; sourceTree = "<group>"; };
		17018689243A104B00B7EA45 /* SourceCell.xib */ = {isa = PBXFileReference; lastKnownFileType = file.xib; path = SourceCell.xib; sourceTree = "<group>"; };
		1701868A243A104B00B7EA45 /* SourceCell.swift */ = {isa = PBXFileReference; lastKnownFileType = sourcecode.swift; path = SourceCell.swift; sourceTree = "<group>"; };
		1704A745243A180F00A8CB7C /* SourcesVC.swift */ = {isa = PBXFileReference; lastKnownFileType = sourcecode.swift; path = SourcesVC.swift; sourceTree = "<group>"; };
		171295F82437309D00092429 /* UIColor.swift */ = {isa = PBXFileReference; fileEncoding = 4; lastKnownFileType = sourcecode.swift; path = UIColor.swift; sourceTree = "<group>"; };
		171295F92437309D00092429 /* UITableView.swift */ = {isa = PBXFileReference; fileEncoding = 4; lastKnownFileType = sourcecode.swift; path = UITableView.swift; sourceTree = "<group>"; };
		171295FA2437309D00092429 /* String.swift */ = {isa = PBXFileReference; fileEncoding = 4; lastKnownFileType = sourcecode.swift; path = String.swift; sourceTree = "<group>"; };
		17129602243730B500092429 /* Apis.swift */ = {isa = PBXFileReference; fileEncoding = 4; lastKnownFileType = sourcecode.swift; path = Apis.swift; sourceTree = "<group>"; };
		17129603243730B500092429 /* RestApi.swift */ = {isa = PBXFileReference; fileEncoding = 4; lastKnownFileType = sourcecode.swift; path = RestApi.swift; sourceTree = "<group>"; };
		17129604243730B500092429 /* NewsApi.swift */ = {isa = PBXFileReference; fileEncoding = 4; lastKnownFileType = sourcecode.swift; path = NewsApi.swift; sourceTree = "<group>"; };
		171296082437312800092429 /* UIButton.swift */ = {isa = PBXFileReference; fileEncoding = 4; lastKnownFileType = sourcecode.swift; path = UIButton.swift; sourceTree = "<group>"; };
		1712960A2437321F00092429 /* LocalData.swift */ = {isa = PBXFileReference; fileEncoding = 4; lastKnownFileType = sourcecode.swift; path = LocalData.swift; sourceTree = "<group>"; };
		1712960D2437334000092429 /* News.swift */ = {isa = PBXFileReference; lastKnownFileType = sourcecode.swift; path = News.swift; sourceTree = "<group>"; };
		174E73862438F44500C4C48B /* SearchNewsVC.swift */ = {isa = PBXFileReference; lastKnownFileType = sourcecode.swift; path = SearchNewsVC.swift; sourceTree = "<group>"; };
		1757ACC524372CDB002E028D /* PocketAcesTask.app */ = {isa = PBXFileReference; explicitFileType = wrapper.application; includeInIndex = 0; path = PocketAcesTask.app; sourceTree = BUILT_PRODUCTS_DIR; };
		1757ACC824372CDB002E028D /* AppDelegate.swift */ = {isa = PBXFileReference; lastKnownFileType = sourcecode.swift; path = AppDelegate.swift; sourceTree = "<group>"; };
		1757ACCC24372CDB002E028D /* HeadlinesVC.swift */ = {isa = PBXFileReference; lastKnownFileType = sourcecode.swift; path = HeadlinesVC.swift; sourceTree = "<group>"; };
		1757ACCF24372CDB002E028D /* Base */ = {isa = PBXFileReference; lastKnownFileType = file.storyboard; name = Base; path = Base.lproj/Main.storyboard; sourceTree = "<group>"; };
		1757ACD124372CDC002E028D /* Assets.xcassets */ = {isa = PBXFileReference; lastKnownFileType = folder.assetcatalog; path = Assets.xcassets; sourceTree = "<group>"; };
		1757ACD424372CDC002E028D /* Base */ = {isa = PBXFileReference; lastKnownFileType = file.storyboard; name = Base; path = Base.lproj/LaunchScreen.storyboard; sourceTree = "<group>"; };
		1757ACD624372CDC002E028D /* Info.plist */ = {isa = PBXFileReference; lastKnownFileType = text.plist.xml; path = Info.plist; sourceTree = "<group>"; };
		1757ACDC24372E58002E028D /* DevEnv.swift */ = {isa = PBXFileReference; lastKnownFileType = sourcecode.swift; path = DevEnv.swift; sourceTree = "<group>"; };
		1757ACEB24372FC5002E028D /* Observer.swift */ = {isa = PBXFileReference; fileEncoding = 4; lastKnownFileType = sourcecode.swift; path = Observer.swift; sourceTree = "<group>"; };
		1757ACEC24372FC5002E028D /* ImageLoader.swift */ = {isa = PBXFileReference; fileEncoding = 4; lastKnownFileType = sourcecode.swift; path = ImageLoader.swift; sourceTree = "<group>"; };
		1757ACED24372FC5002E028D /* BaseViewController.swift */ = {isa = PBXFileReference; fileEncoding = 4; lastKnownFileType = sourcecode.swift; path = BaseViewController.swift; sourceTree = "<group>"; };
		1757ACEE24372FC5002E028D /* Utils.swift */ = {isa = PBXFileReference; fileEncoding = 4; lastKnownFileType = sourcecode.swift; path = Utils.swift; sourceTree = "<group>"; };
		1757ACEF24372FC5002E028D /* NetworkRequest.swift */ = {isa = PBXFileReference; fileEncoding = 4; lastKnownFileType = sourcecode.swift; path = NetworkRequest.swift; sourceTree = "<group>"; };
		176C9D432438B65600416D21 /* UIViewTapGesture.swift */ = {isa = PBXFileReference; fileEncoding = 4; lastKnownFileType = sourcecode.swift; path = UIViewTapGesture.swift; sourceTree = "<group>"; };
		176C9D452438BA9000416D21 /* FullNewsVC.swift */ = {isa = PBXFileReference; lastKnownFileType = sourcecode.swift; path = FullNewsVC.swift; sourceTree = "<group>"; };
		176C9D472438BDA300416D21 /* UIImageView.swift */ = {isa = PBXFileReference; lastKnownFileType = sourcecode.swift; path = UIImageView.swift; sourceTree = "<group>"; };
		176C9D492438BE6B00416D21 /* UIView.swift */ = {isa = PBXFileReference; lastKnownFileType = sourcecode.swift; path = UIView.swift; sourceTree = "<group>"; };
		176E0ECEF9092F8114985044 /* Pods_PocketAcesTask.framework */ = {isa = PBXFileReference; explicitFileType = wrapper.framework; includeInIndex = 0; path = Pods_PocketAcesTask.framework; sourceTree = BUILT_PRODUCTS_DIR; };
		1786C0072437387A00F88061 /* CustomUIimageViews.swift */ = {isa = PBXFileReference; fileEncoding = 4; lastKnownFileType = sourcecode.swift; path = CustomUIimageViews.swift; sourceTree = "<group>"; };
		1786C0082437387A00F88061 /* BaseTableViewCell.swift */ = {isa = PBXFileReference; fileEncoding = 4; lastKnownFileType = sourcecode.swift; path = BaseTableViewCell.swift; sourceTree = "<group>"; };
		1786C0092437387A00F88061 /* CustomUIViews.swift */ = {isa = PBXFileReference; fileEncoding = 4; lastKnownFileType = sourcecode.swift; path = CustomUIViews.swift; sourceTree = "<group>"; };
		1786C00A2437387A00F88061 /* UserClusterView.swift */ = {isa = PBXFileReference; fileEncoding = 4; lastKnownFileType = sourcecode.swift; path = UserClusterView.swift; sourceTree = "<group>"; };
		1786C00B2437387A00F88061 /* CustomUIButtons.swift */ = {isa = PBXFileReference; fileEncoding = 4; lastKnownFileType = sourcecode.swift; path = CustomUIButtons.swift; sourceTree = "<group>"; };
		1786C011243738A600F88061 /* EmptyView.swift */ = {isa = PBXFileReference; lastKnownFileType = sourcecode.swift; path = EmptyView.swift; sourceTree = "<group>"; };
		1786C01324373A9000F88061 /* test1.jpeg */ = {isa = PBXFileReference; lastKnownFileType = image.jpeg; path = test1.jpeg; sourceTree = "<group>"; };
		1786C01524373B5600F88061 /* BaseTableViewController.swift */ = {isa = PBXFileReference; lastKnownFileType = sourcecode.swift; path = BaseTableViewController.swift; sourceTree = "<group>"; };
		1788174F2439E70C00DB1C17 /* TabBarVC.swift */ = {isa = PBXFileReference; lastKnownFileType = sourcecode.swift; path = TabBarVC.swift; sourceTree = "<group>"; };
		178817512439EEC300DB1C17 /* Resources.swift */ = {isa = PBXFileReference; lastKnownFileType = sourcecode.swift; path = Resources.swift; sourceTree = "<group>"; };
		178817532439F42A00DB1C17 /* CountryNewsVC.swift */ = {isa = PBXFileReference; lastKnownFileType = sourcecode.swift; path = CountryNewsVC.swift; sourceTree = "<group>"; };
		178817552439F4A800DB1C17 /* CountryPickerVC.swift */ = {isa = PBXFileReference; lastKnownFileType = sourcecode.swift; path = CountryPickerVC.swift; sourceTree = "<group>"; };
		4563C578C3D09742BCE26A0A /* Pods-PocketAcesTask.release.xcconfig */ = {isa = PBXFileReference; includeInIndex = 1; lastKnownFileType = text.xcconfig; name = "Pods-PocketAcesTask.release.xcconfig"; path = "Target Support Files/Pods-PocketAcesTask/Pods-PocketAcesTask.release.xcconfig"; sourceTree = "<group>"; };
		6A2357274326E517713A57D3 /* Pods-PocketAcesTask.debug.xcconfig */ = {isa = PBXFileReference; includeInIndex = 1; lastKnownFileType = text.xcconfig; name = "Pods-PocketAcesTask.debug.xcconfig"; path = "Target Support Files/Pods-PocketAcesTask/Pods-PocketAcesTask.debug.xcconfig"; sourceTree = "<group>"; };
/* End PBXFileReference section */

/* Begin PBXFrameworksBuildPhase section */
		1757ACC224372CDB002E028D /* Frameworks */ = {
			isa = PBXFrameworksBuildPhase;
			buildActionMask = 2147483647;
			files = (
				05DD90E37524814B6A7C56BB /* Pods_PocketAcesTask.framework in Frameworks */,
			);
			runOnlyForDeploymentPostprocessing = 0;
		};
/* End PBXFrameworksBuildPhase section */

/* Begin PBXGroup section */
		0F5F0F248B7343B617D1187B /* Pods */ = {
			isa = PBXGroup;
			children = (
				6A2357274326E517713A57D3 /* Pods-PocketAcesTask.debug.xcconfig */,
				4563C578C3D09742BCE26A0A /* Pods-PocketAcesTask.release.xcconfig */,
			);
			path = Pods;
			sourceTree = "<group>";
		};
		17018682243A0A8F00B7EA45 /* ReuseCells */ = {
			isa = PBXGroup;
			children = (
				17018683243A0AAB00B7EA45 /* HeadlineCell.xib */,
				17018685243A0ABA00B7EA45 /* HeadlineCell.swift */,
				17018689243A104B00B7EA45 /* SourceCell.xib */,
				1701868A243A104B00B7EA45 /* SourceCell.swift */,
			);
			path = ReuseCells;
			sourceTree = "<group>";
		};
		171295F72437309D00092429 /* Extensions */ = {
			isa = PBXGroup;
			children = (
				171295F82437309D00092429 /* UIColor.swift */,
				171295F92437309D00092429 /* UITableView.swift */,
				171295FA2437309D00092429 /* String.swift */,
				171296082437312800092429 /* UIButton.swift */,
				176C9D472438BDA300416D21 /* UIImageView.swift */,
				176C9D492438BE6B00416D21 /* UIView.swift */,
			);
			path = Extensions;
			sourceTree = "<group>";
		};
		17129601243730B500092429 /* RestApis */ = {
			isa = PBXGroup;
			children = (
				17129602243730B500092429 /* Apis.swift */,
				17129604243730B500092429 /* NewsApi.swift */,
			);
			path = RestApis;
			sourceTree = "<group>";
		};
		1712960C2437333100092429 /* Models */ = {
			isa = PBXGroup;
			children = (
				1712960D2437334000092429 /* News.swift */,
				170186802439F65700B7EA45 /* Country.swift */,
				17018687243A0D5F00B7EA45 /* Sources.swift */,
			);
			path = Models;
			sourceTree = "<group>";
		};
		1757ACBC24372CDB002E028D = {
			isa = PBXGroup;
			children = (
				1757ACC724372CDB002E028D /* PocketAcesTask */,
				1757ACC624372CDB002E028D /* Products */,
				0F5F0F248B7343B617D1187B /* Pods */,
				5C130EF90E5371AD1051AE86 /* Frameworks */,
			);
			sourceTree = "<group>";
		};
		1757ACC624372CDB002E028D /* Products */ = {
			isa = PBXGroup;
			children = (
				1757ACC524372CDB002E028D /* PocketAcesTask.app */,
			);
			name = Products;
			sourceTree = "<group>";
		};
		1757ACC724372CDB002E028D /* PocketAcesTask */ = {
			isa = PBXGroup;
			children = (
				17018682243A0A8F00B7EA45 /* ReuseCells */,
				1757ACEA24372FC5002E028D /* wrappers */,
				1786C0062437387A00F88061 /* CustomViews */,
				1712960C2437333100092429 /* Models */,
				17129601243730B500092429 /* RestApis */,
				171295F72437309D00092429 /* Extensions */,
				176C9D4B2438BEAB00416D21 /* ViewControllers */,
				1757ACDE24372E89002E028D /* DevEnv */,
				1757ACC824372CDB002E028D /* AppDelegate.swift */,
				178817512439EEC300DB1C17 /* Resources.swift */,
				1757ACCE24372CDB002E028D /* Main.storyboard */,
				1757ACD124372CDC002E028D /* Assets.xcassets */,
				1757ACD324372CDC002E028D /* LaunchScreen.storyboard */,
				1786C01324373A9000F88061 /* test1.jpeg */,
			);
			path = PocketAcesTask;
			sourceTree = "<group>";
		};
		1757ACDE24372E89002E028D /* DevEnv */ = {
			isa = PBXGroup;
			children = (
				1757ACD624372CDC002E028D /* Info.plist */,
				1757ACDC24372E58002E028D /* DevEnv.swift */,
				1701867E2439F5F700B7EA45 /* country_codes.json */,
			);
			path = DevEnv;
			sourceTree = "<group>";
		};
		1757ACEA24372FC5002E028D /* wrappers */ = {
			isa = PBXGroup;
			children = (
				17129603243730B500092429 /* RestApi.swift */,
				1757ACEB24372FC5002E028D /* Observer.swift */,
				1757ACEC24372FC5002E028D /* ImageLoader.swift */,
				1757ACEE24372FC5002E028D /* Utils.swift */,
				1757ACEF24372FC5002E028D /* NetworkRequest.swift */,
				1712960A2437321F00092429 /* LocalData.swift */,
				1757ACED24372FC5002E028D /* BaseViewController.swift */,
				1786C01524373B5600F88061 /* BaseTableViewController.swift */,
			);
			path = wrappers;
			sourceTree = "<group>";
		};
		176C9D4B2438BEAB00416D21 /* ViewControllers */ = {
			isa = PBXGroup;
			children = (
				1757ACCC24372CDB002E028D /* HeadlinesVC.swift */,
				178817532439F42A00DB1C17 /* CountryNewsVC.swift */,
				174E73862438F44500C4C48B /* SearchNewsVC.swift */,
				1788174F2439E70C00DB1C17 /* TabBarVC.swift */,
				178817552439F4A800DB1C17 /* CountryPickerVC.swift */,
				176C9D452438BA9000416D21 /* FullNewsVC.swift */,
				1704A745243A180F00A8CB7C /* SourcesVC.swift */,
			);
			path = ViewControllers;
			sourceTree = "<group>";
		};
		1786C0062437387A00F88061 /* CustomViews */ = {
			isa = PBXGroup;
			children = (
				1786C0072437387A00F88061 /* CustomUIimageViews.swift */,
				1786C0082437387A00F88061 /* BaseTableViewCell.swift */,
				1786C0092437387A00F88061 /* CustomUIViews.swift */,
				1786C00A2437387A00F88061 /* UserClusterView.swift */,
				1786C00B2437387A00F88061 /* CustomUIButtons.swift */,
				1786C011243738A600F88061 /* EmptyView.swift */,
				176C9D432438B65600416D21 /* UIViewTapGesture.swift */,
			);
			name = CustomViews;
			path = "../../eezylife-sample/eezylife-sample/CustomViews";
			sourceTree = "<group>";
		};
		5C130EF90E5371AD1051AE86 /* Frameworks */ = {
			isa = PBXGroup;
			children = (
				176E0ECEF9092F8114985044 /* Pods_PocketAcesTask.framework */,
			);
			name = Frameworks;
			sourceTree = "<group>";
		};
/* End PBXGroup section */

/* Begin PBXNativeTarget section */
		1757ACC424372CDB002E028D /* PocketAcesTask */ = {
			isa = PBXNativeTarget;
			buildConfigurationList = 1757ACD924372CDC002E028D /* Build configuration list for PBXNativeTarget "PocketAcesTask" */;
			buildPhases = (
				D9482D9C83642077E4115801 /* [CP] Check Pods Manifest.lock */,
				1757ACC124372CDB002E028D /* Sources */,
				1757ACC224372CDB002E028D /* Frameworks */,
				1757ACC324372CDB002E028D /* Resources */,
				FE5D1D02B2439EB3C37114C6 /* [CP] Embed Pods Frameworks */,
			);
			buildRules = (
			);
			dependencies = (
			);
			name = PocketAcesTask;
			productName = PocketAcesTask;
			productReference = 1757ACC524372CDB002E028D /* PocketAcesTask.app */;
			productType = "com.apple.product-type.application";
		};
/* End PBXNativeTarget section */

/* Begin PBXProject section */
		1757ACBD24372CDB002E028D /* Project object */ = {
			isa = PBXProject;
			attributes = {
				LastSwiftUpdateCheck = 1130;
				LastUpgradeCheck = 1130;
				ORGANIZATIONNAME = chanonly123;
				TargetAttributes = {
					1757ACC424372CDB002E028D = {
						CreatedOnToolsVersion = 11.3.1;
					};
				};
			};
			buildConfigurationList = 1757ACC024372CDB002E028D /* Build configuration list for PBXProject "PocketAcesTask" */;
			compatibilityVersion = "Xcode 9.3";
			developmentRegion = en;
			hasScannedForEncodings = 0;
			knownRegions = (
				en,
				Base,
			);
			mainGroup = 1757ACBC24372CDB002E028D;
			productRefGroup = 1757ACC624372CDB002E028D /* Products */;
			projectDirPath = "";
			projectRoot = "";
			targets = (
				1757ACC424372CDB002E028D /* PocketAcesTask */,
			);
		};
/* End PBXProject section */

/* Begin PBXResourcesBuildPhase section */
		1757ACC324372CDB002E028D /* Resources */ = {
			isa = PBXResourcesBuildPhase;
			buildActionMask = 2147483647;
			files = (
				1757ACD524372CDC002E028D /* LaunchScreen.storyboard in Resources */,
				1757ACD224372CDC002E028D /* Assets.xcassets in Resources */,
				1757ACD024372CDB002E028D /* Main.storyboard in Resources */,
				1701867F2439F5F700B7EA45 /* country_codes.json in Resources */,
				1786C01424373A9000F88061 /* test1.jpeg in Resources */,
				1701868C243A105900B7EA45 /* SourceCell.xib in Resources */,
				17018684243A0AAC00B7EA45 /* HeadlineCell.xib in Resources */,
			);
			runOnlyForDeploymentPostprocessing = 0;
		};
/* End PBXResourcesBuildPhase section */

/* Begin PBXShellScriptBuildPhase section */
		D9482D9C83642077E4115801 /* [CP] Check Pods Manifest.lock */ = {
			isa = PBXShellScriptBuildPhase;
			buildActionMask = 2147483647;
			files = (
			);
			inputFileListPaths = (
			);
			inputPaths = (
				"${PODS_PODFILE_DIR_PATH}/Podfile.lock",
				"${PODS_ROOT}/Manifest.lock",
			);
			name = "[CP] Check Pods Manifest.lock";
			outputFileListPaths = (
			);
			outputPaths = (
				"$(DERIVED_FILE_DIR)/Pods-PocketAcesTask-checkManifestLockResult.txt",
			);
			runOnlyForDeploymentPostprocessing = 0;
			shellPath = /bin/sh;
			shellScript = "diff \"${PODS_PODFILE_DIR_PATH}/Podfile.lock\" \"${PODS_ROOT}/Manifest.lock\" > /dev/null\nif [ $? != 0 ] ; then\n    # print error to STDERR\n    echo \"error: The sandbox is not in sync with the Podfile.lock. Run 'pod install' or update your CocoaPods installation.\" >&2\n    exit 1\nfi\n# This output is used by Xcode 'outputs' to avoid re-running this script phase.\necho \"SUCCESS\" > \"${SCRIPT_OUTPUT_FILE_0}\"\n";
			showEnvVarsInLog = 0;
		};
		FE5D1D02B2439EB3C37114C6 /* [CP] Embed Pods Frameworks */ = {
			isa = PBXShellScriptBuildPhase;
			buildActionMask = 2147483647;
			files = (
			);
			inputFileListPaths = (
				"${PODS_ROOT}/Target Support Files/Pods-PocketAcesTask/Pods-PocketAcesTask-frameworks-${CONFIGURATION}-input-files.xcfilelist",
			);
			name = "[CP] Embed Pods Frameworks";
			outputFileListPaths = (
				"${PODS_ROOT}/Target Support Files/Pods-PocketAcesTask/Pods-PocketAcesTask-frameworks-${CONFIGURATION}-output-files.xcfilelist",
			);
			runOnlyForDeploymentPostprocessing = 0;
			shellPath = /bin/sh;
			shellScript = "\"${PODS_ROOT}/Target Support Files/Pods-PocketAcesTask/Pods-PocketAcesTask-frameworks.sh\"\n";
			showEnvVarsInLog = 0;
		};
/* End PBXShellScriptBuildPhase section */

/* Begin PBXSourcesBuildPhase section */
		1757ACC124372CDB002E028D /* Sources */ = {
			isa = PBXSourcesBuildPhase;
			buildActionMask = 2147483647;
			files = (
				17018688243A0D5F00B7EA45 /* Sources.swift in Sources */,
				17129606243730B500092429 /* RestApi.swift in Sources */,
				176C9D482438BDA300416D21 /* UIImageView.swift in Sources */,
				17018686243A0ABA00B7EA45 /* HeadlineCell.swift in Sources */,
				1757ACCD24372CDB002E028D /* HeadlinesVC.swift in Sources */,
				1786C0102437387A00F88061 /* CustomUIButtons.swift in Sources */,
				1786C00E2437387A00F88061 /* CustomUIViews.swift in Sources */,
				171295FE2437309D00092429 /* UIColor.swift in Sources */,
				176C9D442438B65600416D21 /* UIViewTapGesture.swift in Sources */,
				1757ACF024372FC5002E028D /* Observer.swift in Sources */,
				171296002437309D00092429 /* String.swift in Sources */,
				1757ACF424372FC5002E028D /* NetworkRequest.swift in Sources */,
				174E73872438F44500C4C48B /* SearchNewsVC.swift in Sources */,
				1757ACF124372FC5002E028D /* ImageLoader.swift in Sources */,
				1757ACF324372FC5002E028D /* Utils.swift in Sources */,
				17129607243730B500092429 /* NewsApi.swift in Sources */,
				1786C012243738A600F88061 /* EmptyView.swift in Sources */,
				1786C00C2437387A00F88061 /* CustomUIimageViews.swift in Sources */,
				176C9D462438BA9000416D21 /* FullNewsVC.swift in Sources */,
				1704A746243A180F00A8CB7C /* SourcesVC.swift in Sources */,
				178817562439F4A800DB1C17 /* CountryPickerVC.swift in Sources */,
				1757ACC924372CDB002E028D /* AppDelegate.swift in Sources */,
				178817542439F42A00DB1C17 /* CountryNewsVC.swift in Sources */,
				1712960B2437321F00092429 /* LocalData.swift in Sources */,
				171295FF2437309D00092429 /* UITableView.swift in Sources */,
				1786C00D2437387A00F88061 /* BaseTableViewCell.swift in Sources */,
				17129605243730B500092429 /* Apis.swift in Sources */,
				178817502439E70C00DB1C17 /* TabBarVC.swift in Sources */,
				1786C01624373B5600F88061 /* BaseTableViewController.swift in Sources */,
				170186812439F65700B7EA45 /* Country.swift in Sources */,
				1757ACDD24372E58002E028D /* DevEnv.swift in Sources */,
				1786C00F2437387A00F88061 /* UserClusterView.swift in Sources */,
				1701868B243A104B00B7EA45 /* SourceCell.swift in Sources */,
				176C9D4A2438BE6B00416D21 /* UIView.swift in Sources */,
				1757ACF224372FC5002E028D /* BaseViewController.swift in Sources */,
				1712960E2437334000092429 /* News.swift in Sources */,
				178817522439EEC300DB1C17 /* Resources.swift in Sources */,
				171296092437312800092429 /* UIButton.swift in Sources */,
			);
			runOnlyForDeploymentPostprocessing = 0;
		};
/* End PBXSourcesBuildPhase section */

/* Begin PBXVariantGroup section */
		1757ACCE24372CDB002E028D /* Main.storyboard */ = {
			isa = PBXVariantGroup;
			children = (
				1757ACCF24372CDB002E028D /* Base */,
			);
			name = Main.storyboard;
			sourceTree = "<group>";
		};
		1757ACD324372CDC002E028D /* LaunchScreen.storyboard */ = {
			isa = PBXVariantGroup;
			children = (
				1757ACD424372CDC002E028D /* Base */,
			);
			name = LaunchScreen.storyboard;
			sourceTree = "<group>";
		};
/* End PBXVariantGroup section */

/* Begin XCBuildConfiguration section */
		1757ACD724372CDC002E028D /* Debug */ = {
			isa = XCBuildConfiguration;
			buildSettings = {
				ALWAYS_SEARCH_USER_PATHS = NO;
				CLANG_ANALYZER_NONNULL = YES;
				CLANG_ANALYZER_NUMBER_OBJECT_CONVERSION = YES_AGGRESSIVE;
				CLANG_CXX_LANGUAGE_STANDARD = "gnu++14";
				CLANG_CXX_LIBRARY = "libc++";
				CLANG_ENABLE_MODULES = YES;
				CLANG_ENABLE_OBJC_ARC = YES;
				CLANG_ENABLE_OBJC_WEAK = YES;
				CLANG_WARN_BLOCK_CAPTURE_AUTORELEASING = YES;
				CLANG_WARN_BOOL_CONVERSION = YES;
				CLANG_WARN_COMMA = YES;
				CLANG_WARN_CONSTANT_CONVERSION = YES;
				CLANG_WARN_DEPRECATED_OBJC_IMPLEMENTATIONS = YES;
				CLANG_WARN_DIRECT_OBJC_ISA_USAGE = YES_ERROR;
				CLANG_WARN_DOCUMENTATION_COMMENTS = YES;
				CLANG_WARN_EMPTY_BODY = YES;
				CLANG_WARN_ENUM_CONVERSION = YES;
				CLANG_WARN_INFINITE_RECURSION = YES;
				CLANG_WARN_INT_CONVERSION = YES;
				CLANG_WARN_NON_LITERAL_NULL_CONVERSION = YES;
				CLANG_WARN_OBJC_IMPLICIT_RETAIN_SELF = YES;
				CLANG_WARN_OBJC_LITERAL_CONVERSION = YES;
				CLANG_WARN_OBJC_ROOT_CLASS = YES_ERROR;
				CLANG_WARN_RANGE_LOOP_ANALYSIS = YES;
				CLANG_WARN_STRICT_PROTOTYPES = YES;
				CLANG_WARN_SUSPICIOUS_MOVE = YES;
				CLANG_WARN_UNGUARDED_AVAILABILITY = YES_AGGRESSIVE;
				CLANG_WARN_UNREACHABLE_CODE = YES;
				CLANG_WARN__DUPLICATE_METHOD_MATCH = YES;
				COPY_PHASE_STRIP = NO;
				DEBUG_INFORMATION_FORMAT = dwarf;
				ENABLE_STRICT_OBJC_MSGSEND = YES;
				ENABLE_TESTABILITY = YES;
				GCC_C_LANGUAGE_STANDARD = gnu11;
				GCC_DYNAMIC_NO_PIC = NO;
				GCC_NO_COMMON_BLOCKS = YES;
				GCC_OPTIMIZATION_LEVEL = 0;
				GCC_PREPROCESSOR_DEFINITIONS = (
					"DEBUG=1",
					"$(inherited)",
				);
				GCC_WARN_64_TO_32_BIT_CONVERSION = YES;
				GCC_WARN_ABOUT_RETURN_TYPE = YES_ERROR;
				GCC_WARN_UNDECLARED_SELECTOR = YES;
				GCC_WARN_UNINITIALIZED_AUTOS = YES_AGGRESSIVE;
				GCC_WARN_UNUSED_FUNCTION = YES;
				GCC_WARN_UNUSED_VARIABLE = YES;
				IPHONEOS_DEPLOYMENT_TARGET = 13.2;
				MTL_ENABLE_DEBUG_INFO = INCLUDE_SOURCE;
				MTL_FAST_MATH = YES;
				ONLY_ACTIVE_ARCH = YES;
				SDKROOT = iphoneos;
				SWIFT_ACTIVE_COMPILATION_CONDITIONS = DEBUG;
				SWIFT_OPTIMIZATION_LEVEL = "-Onone";
			};
			name = Debug;
		};
		1757ACD824372CDC002E028D /* Release */ = {
			isa = XCBuildConfiguration;
			buildSettings = {
				ALWAYS_SEARCH_USER_PATHS = NO;
				CLANG_ANALYZER_NONNULL = YES;
				CLANG_ANALYZER_NUMBER_OBJECT_CONVERSION = YES_AGGRESSIVE;
				CLANG_CXX_LANGUAGE_STANDARD = "gnu++14";
				CLANG_CXX_LIBRARY = "libc++";
				CLANG_ENABLE_MODULES = YES;
				CLANG_ENABLE_OBJC_ARC = YES;
				CLANG_ENABLE_OBJC_WEAK = YES;
				CLANG_WARN_BLOCK_CAPTURE_AUTORELEASING = YES;
				CLANG_WARN_BOOL_CONVERSION = YES;
				CLANG_WARN_COMMA = YES;
				CLANG_WARN_CONSTANT_CONVERSION = YES;
				CLANG_WARN_DEPRECATED_OBJC_IMPLEMENTATIONS = YES;
				CLANG_WARN_DIRECT_OBJC_ISA_USAGE = YES_ERROR;
				CLANG_WARN_DOCUMENTATION_COMMENTS = YES;
				CLANG_WARN_EMPTY_BODY = YES;
				CLANG_WARN_ENUM_CONVERSION = YES;
				CLANG_WARN_INFINITE_RECURSION = YES;
				CLANG_WARN_INT_CONVERSION = YES;
				CLANG_WARN_NON_LITERAL_NULL_CONVERSION = YES;
				CLANG_WARN_OBJC_IMPLICIT_RETAIN_SELF = YES;
				CLANG_WARN_OBJC_LITERAL_CONVERSION = YES;
				CLANG_WARN_OBJC_ROOT_CLASS = YES_ERROR;
				CLANG_WARN_RANGE_LOOP_ANALYSIS = YES;
				CLANG_WARN_STRICT_PROTOTYPES = YES;
				CLANG_WARN_SUSPICIOUS_MOVE = YES;
				CLANG_WARN_UNGUARDED_AVAILABILITY = YES_AGGRESSIVE;
				CLANG_WARN_UNREACHABLE_CODE = YES;
				CLANG_WARN__DUPLICATE_METHOD_MATCH = YES;
				COPY_PHASE_STRIP = NO;
				DEBUG_INFORMATION_FORMAT = "dwarf-with-dsym";
				ENABLE_NS_ASSERTIONS = NO;
				ENABLE_STRICT_OBJC_MSGSEND = YES;
				GCC_C_LANGUAGE_STANDARD = gnu11;
				GCC_NO_COMMON_BLOCKS = YES;
				GCC_WARN_64_TO_32_BIT_CONVERSION = YES;
				GCC_WARN_ABOUT_RETURN_TYPE = YES_ERROR;
				GCC_WARN_UNDECLARED_SELECTOR = YES;
				GCC_WARN_UNINITIALIZED_AUTOS = YES_AGGRESSIVE;
				GCC_WARN_UNUSED_FUNCTION = YES;
				GCC_WARN_UNUSED_VARIABLE = YES;
				IPHONEOS_DEPLOYMENT_TARGET = 13.2;
				MTL_ENABLE_DEBUG_INFO = NO;
				MTL_FAST_MATH = YES;
				SDKROOT = iphoneos;
				SWIFT_COMPILATION_MODE = wholemodule;
				SWIFT_OPTIMIZATION_LEVEL = "-O";
				VALIDATE_PRODUCT = YES;
			};
			name = Release;
		};
		1757ACDA24372CDC002E028D /* Debug */ = {
			isa = XCBuildConfiguration;
			baseConfigurationReference = 6A2357274326E517713A57D3 /* Pods-PocketAcesTask.debug.xcconfig */;
			buildSettings = {
				ASSETCATALOG_COMPILER_APPICON_NAME = AppIcon;
				CODE_SIGN_STYLE = Automatic;
				DEVELOPMENT_TEAM = 5WW76S3NRC;
				INFOPLIST_FILE = PocketAcesTask/DevEnv/Info.plist;
				IPHONEOS_DEPLOYMENT_TARGET = 10.0;
				LD_RUNPATH_SEARCH_PATHS = (
					"$(inherited)",
					"@executable_path/Frameworks",
				);
				PRODUCT_BUNDLE_IDENTIFIER = com.chanonly123.PocketAcesTask;
				PRODUCT_NAME = "$(TARGET_NAME)";
				SWIFT_VERSION = 5.0;
				TARGETED_DEVICE_FAMILY = "1,2";
			};
			name = Debug;
		};
		1757ACDB24372CDC002E028D /* Release */ = {
			isa = XCBuildConfiguration;
			baseConfigurationReference = 4563C578C3D09742BCE26A0A /* Pods-PocketAcesTask.release.xcconfig */;
			buildSettings = {
				ASSETCATALOG_COMPILER_APPICON_NAME = AppIcon;
				CODE_SIGN_STYLE = Automatic;
				DEVELOPMENT_TEAM = 5WW76S3NRC;
				INFOPLIST_FILE = PocketAcesTask/DevEnv/Info.plist;
				IPHONEOS_DEPLOYMENT_TARGET = 10.0;
				LD_RUNPATH_SEARCH_PATHS = (
					"$(inherited)",
					"@executable_path/Frameworks",
				);
				PRODUCT_BUNDLE_IDENTIFIER = com.chanonly123.PocketAcesTask;
				PRODUCT_NAME = "$(TARGET_NAME)";
				SWIFT_VERSION = 5.0;
				TARGETED_DEVICE_FAMILY = "1,2";
			};
			name = Release;
		};
/* End XCBuildConfiguration section */

/* Begin XCConfigurationList section */
		1757ACC024372CDB002E028D /* Build configuration list for PBXProject "PocketAcesTask" */ = {
			isa = XCConfigurationList;
			buildConfigurations = (
				1757ACD724372CDC002E028D /* Debug */,
				1757ACD824372CDC002E028D /* Release */,
			);
			defaultConfigurationIsVisible = 0;
			defaultConfigurationName = Release;
		};
		1757ACD924372CDC002E028D /* Build configuration list for PBXNativeTarget "PocketAcesTask" */ = {
			isa = XCConfigurationList;
			buildConfigurations = (
				1757ACDA24372CDC002E028D /* Debug */,
				1757ACDB24372CDC002E028D /* Release */,
			);
			defaultConfigurationIsVisible = 0;
			defaultConfigurationName = Release;
		};
/* End XCConfigurationList section */
	};
	rootObject = 1757ACBD24372CDB002E028D /* Project object */;
}
